// !$*UTF8*$!
{
	archiveVersion = 1;
	classes = {
	};
	objectVersion = 56;
	objects = {

/* Begin PBXBuildFile section */
		811F4A652BD3B49B0086761B /* FoodView.swift in Sources */ = {isa = PBXBuildFile; fileRef = 811F4A642BD3B49B0086761B /* FoodView.swift */; };
		811F4A692BD3B73A0086761B /* FoodClass.swift in Sources */ = {isa = PBXBuildFile; fileRef = 811F4A682BD3B73A0086761B /* FoodClass.swift */; };
		811F4A6B2BD3B9770086761B /* MainView.swift in Sources */ = {isa = PBXBuildFile; fileRef = 811F4A6A2BD3B9770086761B /* MainView.swift */; };
		811F4A6F2BD3E7670086761B /* HomePage.swift in Sources */ = {isa = PBXBuildFile; fileRef = 811F4A6E2BD3E7670086761B /* HomePage.swift */; };
		811F4A722BD413050086761B /* HoriView.swift in Sources */ = {isa = PBXBuildFile; fileRef = 811F4A712BD413050086761B /* HoriView.swift */; };
		815C21F52BC61DF0004E65A4 /* DetailView.swift in Sources */ = {isa = PBXBuildFile; fileRef = 815C21F42BC61DF0004E65A4 /* DetailView.swift */; };
		81E67AEE2BC20A690077E800 /* Wonderful_IndonesiaApp.swift in Sources */ = {isa = PBXBuildFile; fileRef = 81E67AED2BC20A690077E800 /* Wonderful_IndonesiaApp.swift */; };
		81E67AF22BC20A6C0077E800 /* Assets.xcassets in Resources */ = {isa = PBXBuildFile; fileRef = 81E67AF12BC20A6C0077E800 /* Assets.xcassets */; };
		81E67AF52BC20A6C0077E800 /* Preview Assets.xcassets in Resources */ = {isa = PBXBuildFile; fileRef = 81E67AF42BC20A6C0077E800 /* Preview Assets.xcassets */; };
		81E67AFF2BC20A6C0077E800 /* Wonderful_IndonesiaTests.swift in Sources */ = {isa = PBXBuildFile; fileRef = 81E67AFE2BC20A6C0077E800 /* Wonderful_IndonesiaTests.swift */; };
		81E67B092BC20A6C0077E800 /* Wonderful_IndonesiaUITests.swift in Sources */ = {isa = PBXBuildFile; fileRef = 81E67B082BC20A6C0077E800 /* Wonderful_IndonesiaUITests.swift */; };
		81E67B0B2BC20A6C0077E800 /* Wonderful_IndonesiaUITestsLaunchTests.swift in Sources */ = {isa = PBXBuildFile; fileRef = 81E67B0A2BC20A6C0077E800 /* Wonderful_IndonesiaUITestsLaunchTests.swift */; };
		81E67B182BC20C070077E800 /* PlaceView.swift in Sources */ = {isa = PBXBuildFile; fileRef = 81E67B172BC20C070077E800 /* PlaceView.swift */; };
		81E67B1E2BC20F930077E800 /* IndoClass.swift in Sources */ = {isa = PBXBuildFile; fileRef = 81E67B1D2BC20F930077E800 /* IndoClass.swift */; };
		81E67B202BC2154D0077E800 /* ListView.swift in Sources */ = {isa = PBXBuildFile; fileRef = 81E67B1F2BC2154D0077E800 /* ListView.swift */; };
		81E67B222BC21AC20077E800 /* AuthorView.swift in Sources */ = {isa = PBXBuildFile; fileRef = 81E67B212BC21AC20077E800 /* AuthorView.swift */; };
/* End PBXBuildFile section */

/* Begin PBXContainerItemProxy section */
		81E67AFB2BC20A6C0077E800 /* PBXContainerItemProxy */ = {
			isa = PBXContainerItemProxy;
			containerPortal = 81E67AE22BC20A690077E800 /* Project object */;
			proxyType = 1;
			remoteGlobalIDString = 81E67AE92BC20A690077E800;
			remoteInfo = "Wonderful Indonesia";
		};
		81E67B052BC20A6C0077E800 /* PBXContainerItemProxy */ = {
			isa = PBXContainerItemProxy;
			containerPortal = 81E67AE22BC20A690077E800 /* Project object */;
			proxyType = 1;
			remoteGlobalIDString = 81E67AE92BC20A690077E800;
			remoteInfo = "Wonderful Indonesia";
		};
/* End PBXContainerItemProxy section */

/* Begin PBXFileReference section */
		811F4A642BD3B49B0086761B /* FoodView.swift */ = {isa = PBXFileReference; lastKnownFileType = sourcecode.swift; path = FoodView.swift; sourceTree = "<group>"; };
		811F4A682BD3B73A0086761B /* FoodClass.swift */ = {isa = PBXFileReference; lastKnownFileType = sourcecode.swift; path = FoodClass.swift; sourceTree = "<group>"; };
		811F4A6A2BD3B9770086761B /* MainView.swift */ = {isa = PBXFileReference; lastKnownFileType = sourcecode.swift; path = MainView.swift; sourceTree = "<group>"; };
		811F4A6E2BD3E7670086761B /* HomePage.swift */ = {isa = PBXFileReference; lastKnownFileType = sourcecode.swift; path = HomePage.swift; sourceTree = "<group>"; };
		811F4A712BD413050086761B /* HoriView.swift */ = {isa = PBXFileReference; lastKnownFileType = sourcecode.swift; path = HoriView.swift; sourceTree = "<group>"; };
		815C21F42BC61DF0004E65A4 /* DetailView.swift */ = {isa = PBXFileReference; lastKnownFileType = sourcecode.swift; path = DetailView.swift; sourceTree = "<group>"; };
		81E67AEA2BC20A690077E800 /* Wonderful Indonesia.app */ = {isa = PBXFileReference; explicitFileType = wrapper.application; includeInIndex = 0; path = "Wonderful Indonesia.app"; sourceTree = BUILT_PRODUCTS_DIR; };
		81E67AED2BC20A690077E800 /* Wonderful_IndonesiaApp.swift */ = {isa = PBXFileReference; lastKnownFileType = sourcecode.swift; path = Wonderful_IndonesiaApp.swift; sourceTree = "<group>"; };
		81E67AF12BC20A6C0077E800 /* Assets.xcassets */ = {isa = PBXFileReference; lastKnownFileType = folder.assetcatalog; path = Assets.xcassets; sourceTree = "<group>"; };
		81E67AF42BC20A6C0077E800 /* Preview Assets.xcassets */ = {isa = PBXFileReference; lastKnownFileType = folder.assetcatalog; path = "Preview Assets.xcassets"; sourceTree = "<group>"; };
		81E67AFA2BC20A6C0077E800 /* Wonderful IndonesiaTests.xctest */ = {isa = PBXFileReference; explicitFileType = wrapper.cfbundle; includeInIndex = 0; path = "Wonderful IndonesiaTests.xctest"; sourceTree = BUILT_PRODUCTS_DIR; };
		81E67AFE2BC20A6C0077E800 /* Wonderful_IndonesiaTests.swift */ = {isa = PBXFileReference; lastKnownFileType = sourcecode.swift; path = Wonderful_IndonesiaTests.swift; sourceTree = "<group>"; };
		81E67B042BC20A6C0077E800 /* Wonderful IndonesiaUITests.xctest */ = {isa = PBXFileReference; explicitFileType = wrapper.cfbundle; includeInIndex = 0; path = "Wonderful IndonesiaUITests.xctest"; sourceTree = BUILT_PRODUCTS_DIR; };
		81E67B082BC20A6C0077E800 /* Wonderful_IndonesiaUITests.swift */ = {isa = PBXFileReference; lastKnownFileType = sourcecode.swift; path = Wonderful_IndonesiaUITests.swift; sourceTree = "<group>"; };
		81E67B0A2BC20A6C0077E800 /* Wonderful_IndonesiaUITestsLaunchTests.swift */ = {isa = PBXFileReference; lastKnownFileType = sourcecode.swift; path = Wonderful_IndonesiaUITestsLaunchTests.swift; sourceTree = "<group>"; };
		81E67B172BC20C070077E800 /* PlaceView.swift */ = {isa = PBXFileReference; lastKnownFileType = sourcecode.swift; path = PlaceView.swift; sourceTree = "<group>"; };
		81E67B1D2BC20F930077E800 /* IndoClass.swift */ = {isa = PBXFileReference; lastKnownFileType = sourcecode.swift; path = IndoClass.swift; sourceTree = "<group>"; };
		81E67B1F2BC2154D0077E800 /* ListView.swift */ = {isa = PBXFileReference; lastKnownFileType = sourcecode.swift; path = ListView.swift; sourceTree = "<group>"; };
		81E67B212BC21AC20077E800 /* AuthorView.swift */ = {isa = PBXFileReference; lastKnownFileType = sourcecode.swift; path = AuthorView.swift; sourceTree = "<group>"; };
/* End PBXFileReference section */

/* Begin PBXFrameworksBuildPhase section */
		81E67AE72BC20A690077E800 /* Frameworks */ = {
			isa = PBXFrameworksBuildPhase;
			buildActionMask = 2147483647;
			files = (
			);
			runOnlyForDeploymentPostprocessing = 0;
		};
		81E67AF72BC20A6C0077E800 /* Frameworks */ = {
			isa = PBXFrameworksBuildPhase;
			buildActionMask = 2147483647;
			files = (
			);
			runOnlyForDeploymentPostprocessing = 0;
		};
		81E67B012BC20A6C0077E800 /* Frameworks */ = {
			isa = PBXFrameworksBuildPhase;
			buildActionMask = 2147483647;
			files = (
			);
			runOnlyForDeploymentPostprocessing = 0;
		};
/* End PBXFrameworksBuildPhase section */

/* Begin PBXGroup section */
		811F4A6C2BD3E7120086761B /* PlaceView */ = {
			isa = PBXGroup;
			children = (
				81E67B1F2BC2154D0077E800 /* ListView.swift */,
				81E67B172BC20C070077E800 /* PlaceView.swift */,
				815C21F42BC61DF0004E65A4 /* DetailView.swift */,
			);
			path = PlaceView;
			sourceTree = "<group>";
		};
		811F4A6D2BD3E73E0086761B /* FoodViews */ = {
			isa = PBXGroup;
			children = (
				811F4A642BD3B49B0086761B /* FoodView.swift */,
			);
			path = FoodViews;
			sourceTree = "<group>";
		};
		811F4A702BD412F20086761B /* component */ = {
			isa = PBXGroup;
			children = (
				811F4A712BD413050086761B /* HoriView.swift */,
			);
			path = component;
			sourceTree = "<group>";
		};
		81E67AE12BC20A690077E800 = {
			isa = PBXGroup;
			children = (
				81E67AEC2BC20A690077E800 /* Wonderful Indonesia */,
				81E67AFD2BC20A6C0077E800 /* Wonderful IndonesiaTests */,
				81E67B072BC20A6C0077E800 /* Wonderful IndonesiaUITests */,
				81E67AEB2BC20A690077E800 /* Products */,
			);
			sourceTree = "<group>";
		};
		81E67AEB2BC20A690077E800 /* Products */ = {
			isa = PBXGroup;
			children = (
				81E67AEA2BC20A690077E800 /* Wonderful Indonesia.app */,
				81E67AFA2BC20A6C0077E800 /* Wonderful IndonesiaTests.xctest */,
				81E67B042BC20A6C0077E800 /* Wonderful IndonesiaUITests.xctest */,
			);
			name = Products;
			sourceTree = "<group>";
		};
		81E67AEC2BC20A690077E800 /* Wonderful Indonesia */ = {
			isa = PBXGroup;
			children = (
				811F4A702BD412F20086761B /* component */,
				81E67AED2BC20A690077E800 /* Wonderful_IndonesiaApp.swift */,
				81E67B192BC20F410077E800 /* Views */,
				811F4A6D2BD3E73E0086761B /* FoodViews */,
				811F4A6C2BD3E7120086761B /* PlaceView */,
				81E67B1C2BC20F710077E800 /* Model */,
				81E67AF12BC20A6C0077E800 /* Assets.xcassets */,
				81E67AF32BC20A6C0077E800 /* Preview Content */,
			);
			path = "Wonderful Indonesia";
			sourceTree = "<group>";
		};
		81E67AF32BC20A6C0077E800 /* Preview Content */ = {
			isa = PBXGroup;
			children = (
				81E67AF42BC20A6C0077E800 /* Preview Assets.xcassets */,
			);
			path = "Preview Content";
			sourceTree = "<group>";
		};
		81E67AFD2BC20A6C0077E800 /* Wonderful IndonesiaTests */ = {
			isa = PBXGroup;
			children = (
				81E67AFE2BC20A6C0077E800 /* Wonderful_IndonesiaTests.swift */,
			);
			path = "Wonderful IndonesiaTests";
			sourceTree = "<group>";
		};
		81E67B072BC20A6C0077E800 /* Wonderful IndonesiaUITests */ = {
			isa = PBXGroup;
			children = (
				81E67B082BC20A6C0077E800 /* Wonderful_IndonesiaUITests.swift */,
				81E67B0A2BC20A6C0077E800 /* Wonderful_IndonesiaUITestsLaunchTests.swift */,
			);
			path = "Wonderful IndonesiaUITests";
			sourceTree = "<group>";
		};
		81E67B192BC20F410077E800 /* Views */ = {
			isa = PBXGroup;
			children = (
				811F4A6A2BD3B9770086761B /* MainView.swift */,
				81E67B212BC21AC20077E800 /* AuthorView.swift */,
				811F4A6E2BD3E7670086761B /* HomePage.swift */,
			);
			path = Views;
			sourceTree = "<group>";
		};
		81E67B1C2BC20F710077E800 /* Model */ = {
			isa = PBXGroup;
			children = (
				81E67B1D2BC20F930077E800 /* IndoClass.swift */,
				811F4A682BD3B73A0086761B /* FoodClass.swift */,
			);
			path = Model;
			sourceTree = "<group>";
		};
/* End PBXGroup section */

/* Begin PBXNativeTarget section */
		81E67AE92BC20A690077E800 /* Wonderful Indonesia */ = {
			isa = PBXNativeTarget;
			buildConfigurationList = 81E67B0E2BC20A6C0077E800 /* Build configuration list for PBXNativeTarget "Wonderful Indonesia" */;
			buildPhases = (
				81E67AE62BC20A690077E800 /* Sources */,
				81E67AE72BC20A690077E800 /* Frameworks */,
				81E67AE82BC20A690077E800 /* Resources */,
			);
			buildRules = (
			);
			dependencies = (
			);
			name = "Wonderful Indonesia";
			productName = "Wonderful Indonesia";
			productReference = 81E67AEA2BC20A690077E800 /* Wonderful Indonesia.app */;
			productType = "com.apple.product-type.application";
		};
		81E67AF92BC20A6C0077E800 /* Wonderful IndonesiaTests */ = {
			isa = PBXNativeTarget;
			buildConfigurationList = 81E67B112BC20A6C0077E800 /* Build configuration list for PBXNativeTarget "Wonderful IndonesiaTests" */;
			buildPhases = (
				81E67AF62BC20A6C0077E800 /* Sources */,
				81E67AF72BC20A6C0077E800 /* Frameworks */,
				81E67AF82BC20A6C0077E800 /* Resources */,
			);
			buildRules = (
			);
			dependencies = (
				81E67AFC2BC20A6C0077E800 /* PBXTargetDependency */,
			);
			name = "Wonderful IndonesiaTests";
			productName = "Wonderful IndonesiaTests";
			productReference = 81E67AFA2BC20A6C0077E800 /* Wonderful IndonesiaTests.xctest */;
			productType = "com.apple.product-type.bundle.unit-test";
		};
		81E67B032BC20A6C0077E800 /* Wonderful IndonesiaUITests */ = {
			isa = PBXNativeTarget;
			buildConfigurationList = 81E67B142BC20A6C0077E800 /* Build configuration list for PBXNativeTarget "Wonderful IndonesiaUITests" */;
			buildPhases = (
				81E67B002BC20A6C0077E800 /* Sources */,
				81E67B012BC20A6C0077E800 /* Frameworks */,
				81E67B022BC20A6C0077E800 /* Resources */,
			);
			buildRules = (
			);
			dependencies = (
				81E67B062BC20A6C0077E800 /* PBXTargetDependency */,
			);
			name = "Wonderful IndonesiaUITests";
			productName = "Wonderful IndonesiaUITests";
			productReference = 81E67B042BC20A6C0077E800 /* Wonderful IndonesiaUITests.xctest */;
			productType = "com.apple.product-type.bundle.ui-testing";
		};
/* End PBXNativeTarget section */

/* Begin PBXProject section */
		81E67AE22BC20A690077E800 /* Project object */ = {
			isa = PBXProject;
			attributes = {
				BuildIndependentTargetsInParallel = 1;
				LastSwiftUpdateCheck = 1530;
				LastUpgradeCheck = 1530;
				TargetAttributes = {
					81E67AE92BC20A690077E800 = {
						CreatedOnToolsVersion = 15.3;
					};
					81E67AF92BC20A6C0077E800 = {
						CreatedOnToolsVersion = 15.3;
						TestTargetID = 81E67AE92BC20A690077E800;
					};
					81E67B032BC20A6C0077E800 = {
						CreatedOnToolsVersion = 15.3;
						TestTargetID = 81E67AE92BC20A690077E800;
					};
				};
			};
			buildConfigurationList = 81E67AE52BC20A690077E800 /* Build configuration list for PBXProject "Wonderful Indonesia" */;
			compatibilityVersion = "Xcode 14.0";
			developmentRegion = en;
			hasScannedForEncodings = 0;
			knownRegions = (
				en,
				Base,
			);
			mainGroup = 81E67AE12BC20A690077E800;
			productRefGroup = 81E67AEB2BC20A690077E800 /* Products */;
			projectDirPath = "";
			projectRoot = "";
			targets = (
				81E67AE92BC20A690077E800 /* Wonderful Indonesia */,
				81E67AF92BC20A6C0077E800 /* Wonderful IndonesiaTests */,
				81E67B032BC20A6C0077E800 /* Wonderful IndonesiaUITests */,
			);
		};
/* End PBXProject section */

/* Begin PBXResourcesBuildPhase section */
		81E67AE82BC20A690077E800 /* Resources */ = {
			isa = PBXResourcesBuildPhase;
			buildActionMask = 2147483647;
			files = (
				81E67AF52BC20A6C0077E800 /* Preview Assets.xcassets in Resources */,
				81E67AF22BC20A6C0077E800 /* Assets.xcassets in Resources */,
			);
			runOnlyForDeploymentPostprocessing = 0;
		};
		81E67AF82BC20A6C0077E800 /* Resources */ = {
			isa = PBXResourcesBuildPhase;
			buildActionMask = 2147483647;
			files = (
			);
			runOnlyForDeploymentPostprocessing = 0;
		};
		81E67B022BC20A6C0077E800 /* Resources */ = {
			isa = PBXResourcesBuildPhase;
			buildActionMask = 2147483647;
			files = (
			);
			runOnlyForDeploymentPostprocessing = 0;
		};
/* End PBXResourcesBuildPhase section */

/* Begin PBXSourcesBuildPhase section */
		81E67AE62BC20A690077E800 /* Sources */ = {
			isa = PBXSourcesBuildPhase;
			buildActionMask = 2147483647;
			files = (
				811F4A692BD3B73A0086761B /* FoodClass.swift in Sources */,
				81E67B222BC21AC20077E800 /* AuthorView.swift in Sources */,
				815C21F52BC61DF0004E65A4 /* DetailView.swift in Sources */,
				811F4A652BD3B49B0086761B /* FoodView.swift in Sources */,
				81E67B202BC2154D0077E800 /* ListView.swift in Sources */,
				811F4A722BD413050086761B /* HoriView.swift in Sources */,
				811F4A6F2BD3E7670086761B /* HomePage.swift in Sources */,
				81E67B182BC20C070077E800 /* PlaceView.swift in Sources */,
				81E67AEE2BC20A690077E800 /* Wonderful_IndonesiaApp.swift in Sources */,
				811F4A6B2BD3B9770086761B /* MainView.swift in Sources */,
				81E67B1E2BC20F930077E800 /* IndoClass.swift in Sources */,
			);
			runOnlyForDeploymentPostprocessing = 0;
		};
		81E67AF62BC20A6C0077E800 /* Sources */ = {
			isa = PBXSourcesBuildPhase;
			buildActionMask = 2147483647;
			files = (
				81E67AFF2BC20A6C0077E800 /* Wonderful_IndonesiaTests.swift in Sources */,
			);
			runOnlyForDeploymentPostprocessing = 0;
		};
		81E67B002BC20A6C0077E800 /* Sources */ = {
			isa = PBXSourcesBuildPhase;
			buildActionMask = 2147483647;
			files = (
				81E67B0B2BC20A6C0077E800 /* Wonderful_IndonesiaUITestsLaunchTests.swift in Sources */,
				81E67B092BC20A6C0077E800 /* Wonderful_IndonesiaUITests.swift in Sources */,
			);
			runOnlyForDeploymentPostprocessing = 0;
		};
/* End PBXSourcesBuildPhase section */

/* Begin PBXTargetDependency section */
		81E67AFC2BC20A6C0077E800 /* PBXTargetDependency */ = {
			isa = PBXTargetDependency;
			target = 81E67AE92BC20A690077E800 /* Wonderful Indonesia */;
			targetProxy = 81E67AFB2BC20A6C0077E800 /* PBXContainerItemProxy */;
		};
		81E67B062BC20A6C0077E800 /* PBXTargetDependency */ = {
			isa = PBXTargetDependency;
			target = 81E67AE92BC20A690077E800 /* Wonderful Indonesia */;
			targetProxy = 81E67B052BC20A6C0077E800 /* PBXContainerItemProxy */;
		};
/* End PBXTargetDependency section */

/* Begin XCBuildConfiguration section */
		81E67B0C2BC20A6C0077E800 /* Debug */ = {
			isa = XCBuildConfiguration;
			buildSettings = {
				ALWAYS_SEARCH_USER_PATHS = NO;
				ASSETCATALOG_COMPILER_GENERATE_SWIFT_ASSET_SYMBOL_EXTENSIONS = YES;
				CLANG_ANALYZER_NONNULL = YES;
				CLANG_ANALYZER_NUMBER_OBJECT_CONVERSION = YES_AGGRESSIVE;
				CLANG_CXX_LANGUAGE_STANDARD = "gnu++20";
				CLANG_ENABLE_MODULES = YES;
				CLANG_ENABLE_OBJC_ARC = YES;
				CLANG_ENABLE_OBJC_WEAK = YES;
				CLANG_WARN_BLOCK_CAPTURE_AUTORELEASING = YES;
				CLANG_WARN_BOOL_CONVERSION = YES;
				CLANG_WARN_COMMA = YES;
				CLANG_WARN_CONSTANT_CONVERSION = YES;
				CLANG_WARN_DEPRECATED_OBJC_IMPLEMENTATIONS = YES;
				CLANG_WARN_DIRECT_OBJC_ISA_USAGE = YES_ERROR;
				CLANG_WARN_DOCUMENTATION_COMMENTS = YES;
				CLANG_WARN_EMPTY_BODY = YES;
				CLANG_WARN_ENUM_CONVERSION = YES;
				CLANG_WARN_INFINITE_RECURSION = YES;
				CLANG_WARN_INT_CONVERSION = YES;
				CLANG_WARN_NON_LITERAL_NULL_CONVERSION = YES;
				CLANG_WARN_OBJC_IMPLICIT_RETAIN_SELF = YES;
				CLANG_WARN_OBJC_LITERAL_CONVERSION = YES;
				CLANG_WARN_OBJC_ROOT_CLASS = YES_ERROR;
				CLANG_WARN_QUOTED_INCLUDE_IN_FRAMEWORK_HEADER = YES;
				CLANG_WARN_RANGE_LOOP_ANALYSIS = YES;
				CLANG_WARN_STRICT_PROTOTYPES = YES;
				CLANG_WARN_SUSPICIOUS_MOVE = YES;
				CLANG_WARN_UNGUARDED_AVAILABILITY = YES_AGGRESSIVE;
				CLANG_WARN_UNREACHABLE_CODE = YES;
				CLANG_WARN__DUPLICATE_METHOD_MATCH = YES;
				COPY_PHASE_STRIP = NO;
				DEBUG_INFORMATION_FORMAT = dwarf;
				ENABLE_STRICT_OBJC_MSGSEND = YES;
				ENABLE_TESTABILITY = YES;
				ENABLE_USER_SCRIPT_SANDBOXING = YES;
				GCC_C_LANGUAGE_STANDARD = gnu17;
				GCC_DYNAMIC_NO_PIC = NO;
				GCC_NO_COMMON_BLOCKS = YES;
				GCC_OPTIMIZATION_LEVEL = 0;
				GCC_PREPROCESSOR_DEFINITIONS = (
					"DEBUG=1",
					"$(inherited)",
				);
				GCC_WARN_64_TO_32_BIT_CONVERSION = YES;
				GCC_WARN_ABOUT_RETURN_TYPE = YES_ERROR;
				GCC_WARN_UNDECLARED_SELECTOR = YES;
				GCC_WARN_UNINITIALIZED_AUTOS = YES_AGGRESSIVE;
				GCC_WARN_UNUSED_FUNCTION = YES;
				GCC_WARN_UNUSED_VARIABLE = YES;
				IPHONEOS_DEPLOYMENT_TARGET = 17.4;
				LOCALIZATION_PREFERS_STRING_CATALOGS = YES;
				MTL_ENABLE_DEBUG_INFO = INCLUDE_SOURCE;
				MTL_FAST_MATH = YES;
				ONLY_ACTIVE_ARCH = YES;
				SDKROOT = iphoneos;
				SWIFT_ACTIVE_COMPILATION_CONDITIONS = "DEBUG $(inherited)";
				SWIFT_OPTIMIZATION_LEVEL = "-Onone";
			};
			name = Debug;
		};
		81E67B0D2BC20A6C0077E800 /* Release */ = {
			isa = XCBuildConfiguration;
			buildSettings = {
				ALWAYS_SEARCH_USER_PATHS = NO;
				ASSETCATALOG_COMPILER_GENERATE_SWIFT_ASSET_SYMBOL_EXTENSIONS = YES;
				CLANG_ANALYZER_NONNULL = YES;
				CLANG_ANALYZER_NUMBER_OBJECT_CONVERSION = YES_AGGRESSIVE;
				CLANG_CXX_LANGUAGE_STANDARD = "gnu++20";
				CLANG_ENABLE_MODULES = YES;
				CLANG_ENABLE_OBJC_ARC = YES;
				CLANG_ENABLE_OBJC_WEAK = YES;
				CLANG_WARN_BLOCK_CAPTURE_AUTORELEASING = YES;
				CLANG_WARN_BOOL_CONVERSION = YES;
				CLANG_WARN_COMMA = YES;
				CLANG_WARN_CONSTANT_CONVERSION = YES;
				CLANG_WARN_DEPRECATED_OBJC_IMPLEMENTATIONS = YES;
				CLANG_WARN_DIRECT_OBJC_ISA_USAGE = YES_ERROR;
				CLANG_WARN_DOCUMENTATION_COMMENTS = YES;
				CLANG_WARN_EMPTY_BODY = YES;
				CLANG_WARN_ENUM_CONVERSION = YES;
				CLANG_WARN_INFINITE_RECURSION = YES;
				CLANG_WARN_INT_CONVERSION = YES;
				CLANG_WARN_NON_LITERAL_NULL_CONVERSION = YES;
				CLANG_WARN_OBJC_IMPLICIT_RETAIN_SELF = YES;
				CLANG_WARN_OBJC_LITERAL_CONVERSION = YES;
				CLANG_WARN_OBJC_ROOT_CLASS = YES_ERROR;
				CLANG_WARN_QUOTED_INCLUDE_IN_FRAMEWORK_HEADER = YES;
				CLANG_WARN_RANGE_LOOP_ANALYSIS = YES;
				CLANG_WARN_STRICT_PROTOTYPES = YES;
				CLANG_WARN_SUSPICIOUS_MOVE = YES;
				CLANG_WARN_UNGUARDED_AVAILABILITY = YES_AGGRESSIVE;
				CLANG_WARN_UNREACHABLE_CODE = YES;
				CLANG_WARN__DUPLICATE_METHOD_MATCH = YES;
				COPY_PHASE_STRIP = NO;
				DEBUG_INFORMATION_FORMAT = "dwarf-with-dsym";
				ENABLE_NS_ASSERTIONS = NO;
				ENABLE_STRICT_OBJC_MSGSEND = YES;
				ENABLE_USER_SCRIPT_SANDBOXING = YES;
				GCC_C_LANGUAGE_STANDARD = gnu17;
				GCC_NO_COMMON_BLOCKS = YES;
				GCC_WARN_64_TO_32_BIT_CONVERSION = YES;
				GCC_WARN_ABOUT_RETURN_TYPE = YES_ERROR;
				GCC_WARN_UNDECLARED_SELECTOR = YES;
				GCC_WARN_UNINITIALIZED_AUTOS = YES_AGGRESSIVE;
				GCC_WARN_UNUSED_FUNCTION = YES;
				GCC_WARN_UNUSED_VARIABLE = YES;
				IPHONEOS_DEPLOYMENT_TARGET = 17.4;
				LOCALIZATION_PREFERS_STRING_CATALOGS = YES;
				MTL_ENABLE_DEBUG_INFO = NO;
				MTL_FAST_MATH = YES;
				SDKROOT = iphoneos;
				SWIFT_COMPILATION_MODE = wholemodule;
				VALIDATE_PRODUCT = YES;
			};
			name = Release;
		};
		81E67B0F2BC20A6C0077E800 /* Debug */ = {
			isa = XCBuildConfiguration;
			buildSettings = {
				ASSETCATALOG_COMPILER_APPICON_NAME = AppIcon;
				ASSETCATALOG_COMPILER_GLOBAL_ACCENT_COLOR_NAME = AccentColor;
				CODE_SIGN_STYLE = Automatic;
				CURRENT_PROJECT_VERSION = 1;
				DEVELOPMENT_ASSET_PATHS = "\"Wonderful Indonesia/Preview Content\"";
				DEVELOPMENT_TEAM = V6Z63JTKRK;
				ENABLE_PREVIEWS = YES;
				GENERATE_INFOPLIST_FILE = YES;
				INFOPLIST_KEY_UIApplicationSceneManifest_Generation = YES;
				INFOPLIST_KEY_UIApplicationSupportsIndirectInputEvents = YES;
				INFOPLIST_KEY_UILaunchScreen_Generation = YES;
				INFOPLIST_KEY_UISupportedInterfaceOrientations_iPad = "UIInterfaceOrientationPortrait UIInterfaceOrientationPortraitUpsideDown UIInterfaceOrientationLandscapeLeft UIInterfaceOrientationLandscapeRight";
				INFOPLIST_KEY_UISupportedInterfaceOrientations_iPhone = "UIInterfaceOrientationPortrait UIInterfaceOrientationLandscapeLeft UIInterfaceOrientationLandscapeRight";
				LD_RUNPATH_SEARCH_PATHS = (
					"$(inherited)",
					"@executable_path/Frameworks",
				);
				MARKETING_VERSION = 1.0;
				PRODUCT_BUNDLE_IDENTIFIER = "com.LaluIman.Wonderful-Indonesia";
				PRODUCT_NAME = "$(TARGET_NAME)";
				SWIFT_EMIT_LOC_STRINGS = YES;
				SWIFT_VERSION = 5.0;
				TARGETED_DEVICE_FAMILY = "1,2";
			};
			name = Debug;
		};
		81E67B102BC20A6C0077E800 /* Release */ = {
			isa = XCBuildConfiguration;
			buildSettings = {
				ASSETCATALOG_COMPILER_APPICON_NAME = AppIcon;
				ASSETCATALOG_COMPILER_GLOBAL_ACCENT_COLOR_NAME = AccentColor;
				CODE_SIGN_STYLE = Automatic;
				CURRENT_PROJECT_VERSION = 1;
				DEVELOPMENT_ASSET_PATHS = "\"Wonderful Indonesia/Preview Content\"";
				DEVELOPMENT_TEAM = V6Z63JTKRK;
				ENABLE_PREVIEWS = YES;
				GENERATE_INFOPLIST_FILE = YES;
				INFOPLIST_KEY_UIApplicationSceneManifest_Generation = YES;
				INFOPLIST_KEY_UIApplicationSupportsIndirectInputEvents = YES;
				INFOPLIST_KEY_UILaunchScreen_Generation = YES;
				INFOPLIST_KEY_UISupportedInterfaceOrientations_iPad = "UIInterfaceOrientationPortrait UIInterfaceOrientationPortraitUpsideDown UIInterfaceOrientationLandscapeLeft UIInterfaceOrientationLandscapeRight";
				INFOPLIST_KEY_UISupportedInterfaceOrientations_iPhone = "UIInterfaceOrientationPortrait UIInterfaceOrientationLandscapeLeft UIInterfaceOrientationLandscapeRight";
				LD_RUNPATH_SEARCH_PATHS = (
					"$(inherited)",
					"@executable_path/Frameworks",
				);
				MARKETING_VERSION = 1.0;
				PRODUCT_BUNDLE_IDENTIFIER = "com.LaluIman.Wonderful-Indonesia";
				PRODUCT_NAME = "$(TARGET_NAME)";
				SWIFT_EMIT_LOC_STRINGS = YES;
				SWIFT_VERSION = 5.0;
				TARGETED_DEVICE_FAMILY = "1,2";
			};
			name = Release;
		};
		81E67B122BC20A6C0077E800 /* Debug */ = {
			isa = XCBuildConfiguration;
			buildSettings = {
				ALWAYS_EMBED_SWIFT_STANDARD_LIBRARIES = YES;
				BUNDLE_LOADER = "$(TEST_HOST)";
				CODE_SIGN_STYLE = Automatic;
				CURRENT_PROJECT_VERSION = 1;
				DEVELOPMENT_TEAM = V6Z63JTKRK;
				GENERATE_INFOPLIST_FILE = YES;
				IPHONEOS_DEPLOYMENT_TARGET = 17.4;
				MARKETING_VERSION = 1.0;
				PRODUCT_BUNDLE_IDENTIFIER = "com.LaluIman.Wonderful-IndonesiaTests";
				PRODUCT_NAME = "$(TARGET_NAME)";
				SWIFT_EMIT_LOC_STRINGS = NO;
				SWIFT_VERSION = 5.0;
				TARGETED_DEVICE_FAMILY = "1,2";
				TEST_HOST = "$(BUILT_PRODUCTS_DIR)/Wonderful Indonesia.app/$(BUNDLE_EXECUTABLE_FOLDER_PATH)/Wonderful Indonesia";
			};
			name = Debug;
		};
		81E67B132BC20A6C0077E800 /* Release */ = {
			isa = XCBuildConfiguration;
			buildSettings = {
				ALWAYS_EMBED_SWIFT_STANDARD_LIBRARIES = YES;
				BUNDLE_LOADER = "$(TEST_HOST)";
				CODE_SIGN_STYLE = Automatic;
				CURRENT_PROJECT_VERSION = 1;
				DEVELOPMENT_TEAM = V6Z63JTKRK;
				GENERATE_INFOPLIST_FILE = YES;
				IPHONEOS_DEPLOYMENT_TARGET = 17.4;
				MARKETING_VERSION = 1.0;
				PRODUCT_BUNDLE_IDENTIFIER = "com.LaluIman.Wonderful-IndonesiaTests";
				PRODUCT_NAME = "$(TARGET_NAME)";
				SWIFT_EMIT_LOC_STRINGS = NO;
				SWIFT_VERSION = 5.0;
				TARGETED_DEVICE_FAMILY = "1,2";
				TEST_HOST = "$(BUILT_PRODUCTS_DIR)/Wonderful Indonesia.app/$(BUNDLE_EXECUTABLE_FOLDER_PATH)/Wonderful Indonesia";
			};
			name = Release;
		};
		81E67B152BC20A6C0077E800 /* Debug */ = {
			isa = XCBuildConfiguration;
			buildSettings = {
				ALWAYS_EMBED_SWIFT_STANDARD_LIBRARIES = YES;
				CODE_SIGN_STYLE = Automatic;
				CURRENT_PROJECT_VERSION = 1;
				DEVELOPMENT_TEAM = V6Z63JTKRK;
				GENERATE_INFOPLIST_FILE = YES;
				MARKETING_VERSION = 1.0;
				PRODUCT_BUNDLE_IDENTIFIER = "com.LaluIman.Wonderful-IndonesiaUITests";
				PRODUCT_NAME = "$(TARGET_NAME)";
				SWIFT_EMIT_LOC_STRINGS = NO;
				SWIFT_VERSION = 5.0;
				TARGETED_DEVICE_FAMILY = "1,2";
				TEST_TARGET_NAME = "Wonderful Indonesia";
			};
			name = Debug;
		};
		81E67B162BC20A6C0077E800 /* Release */ = {
			isa = XCBuildConfiguration;
			buildSettings = {
				ALWAYS_EMBED_SWIFT_STANDARD_LIBRARIES = YES;
				CODE_SIGN_STYLE = Automatic;
				CURRENT_PROJECT_VERSION = 1;
				DEVELOPMENT_TEAM = V6Z63JTKRK;
				GENERATE_INFOPLIST_FILE = YES;
				MARKETING_VERSION = 1.0;
				PRODUCT_BUNDLE_IDENTIFIER = "com.LaluIman.Wonderful-IndonesiaUITests";
				PRODUCT_NAME = "$(TARGET_NAME)";
				SWIFT_EMIT_LOC_STRINGS = NO;
				SWIFT_VERSION = 5.0;
				TARGETED_DEVICE_FAMILY = "1,2";
				TEST_TARGET_NAME = "Wonderful Indonesia";
			};
			name = Release;
		};
/* End XCBuildConfiguration section */

/* Begin XCConfigurationList section */
		81E67AE52BC20A690077E800 /* Build configuration list for PBXProject "Wonderful Indonesia" */ = {
			isa = XCConfigurationList;
			buildConfigurations = (
				81E67B0C2BC20A6C0077E800 /* Debug */,
				81E67B0D2BC20A6C0077E800 /* Release */,
			);
			defaultConfigurationIsVisible = 0;
			defaultConfigurationName = Release;
		};
		81E67B0E2BC20A6C0077E800 /* Build configuration list for PBXNativeTarget "Wonderful Indonesia" */ = {
			isa = XCConfigurationList;
			buildConfigurations = (
				81E67B0F2BC20A6C0077E800 /* Debug */,
				81E67B102BC20A6C0077E800 /* Release */,
			);
			defaultConfigurationIsVisible = 0;
			defaultConfigurationName = Release;
		};
		81E67B112BC20A6C0077E800 /* Build configuration list for PBXNativeTarget "Wonderful IndonesiaTests" */ = {
			isa = XCConfigurationList;
			buildConfigurations = (
				81E67B122BC20A6C0077E800 /* Debug */,
				81E67B132BC20A6C0077E800 /* Release */,
			);
			defaultConfigurationIsVisible = 0;
			defaultConfigurationName = Release;
		};
		81E67B142BC20A6C0077E800 /* Build configuration list for PBXNativeTarget "Wonderful IndonesiaUITests" */ = {
			isa = XCConfigurationList;
			buildConfigurations = (
				81E67B152BC20A6C0077E800 /* Debug */,
				81E67B162BC20A6C0077E800 /* Release */,
			);
			defaultConfigurationIsVisible = 0;
			defaultConfigurationName = Release;
		};
/* End XCConfigurationList section */
	};
	rootObject = 81E67AE22BC20A690077E800 /* Project object */;
}
